
Microsoft Visual Studio Solution File, Format Version 11.00
# Visual Studio 2010
Project("{FAE04EC0-301F-11D3-BF4B-00C04F79EFBC}") = "isNumero", "isNumero\isNumero.csproj", "{D9CB9F0F-80D2-4166-BF3A-BA87E002DE40}"
EndProject
Global
	GlobalSection(SolutionConfigurationPlatforms) = preSolution
		Debug|x86 = Debug|x86
		Release|x86 = Release|x86
	EndGlobalSection
	GlobalSection(ProjectConfigurationPlatforms) = postSolution
		{D9CB9F0F-80D2-4166-BF3A-BA87E002DE40}.Debug|x86.ActiveCfg = Debug|x86
		{D9CB9F0F-80D2-4166-BF3A-BA87E002DE40}.Debug|x86.Build.0 = Debug|x86
		{D9CB9F0F-80D2-4166-BF3A-BA87E002DE40}.Release|x86.ActiveCfg = Release|x86
		{D9CB9F0F-80D2-4166-BF3A-BA87E002DE40}.Release|x86.Build.0 = Release|x86
	EndGlobalSection
	GlobalSection(MonoDevelopProperties) = preSolution
		StartupItem = isNumero\isNumero.csproj
	EndGlobalSection
EndGlobal
